// !$*UTF8*$!
{
	archiveVersion = 1;
	classes = {
	};
	objectVersion = 56;
	objects = {

/* Begin PBXBuildFile section */
		182D50152ACD7F2F006993AA /* MarketDataResponse.swift in Sources */ = {isa = PBXBuildFile; fileRef = 182D50142ACD7F2F006993AA /* MarketDataResponse.swift */; };
		182D50172ACD862B006993AA /* WatchListTableViewCell.swift in Sources */ = {isa = PBXBuildFile; fileRef = 182D50162ACD862B006993AA /* WatchListTableViewCell.swift */; };
		182D50192ACD8769006993AA /* StockChartView.swift in Sources */ = {isa = PBXBuildFile; fileRef = 182D50182ACD8769006993AA /* StockChartView.swift */; };
		18A79D6F2ACAB0CB00ED00E0 /* AppDelegate.swift in Sources */ = {isa = PBXBuildFile; fileRef = 18A79D6E2ACAB0CB00ED00E0 /* AppDelegate.swift */; };
		18A79D712ACAB0CB00ED00E0 /* SceneDelegate.swift in Sources */ = {isa = PBXBuildFile; fileRef = 18A79D702ACAB0CB00ED00E0 /* SceneDelegate.swift */; };
		18A79D732ACAB0CB00ED00E0 /* WatchListViewController.swift in Sources */ = {isa = PBXBuildFile; fileRef = 18A79D722ACAB0CB00ED00E0 /* WatchListViewController.swift */; };
		18A79D782ACAB0CC00ED00E0 /* Assets.xcassets in Resources */ = {isa = PBXBuildFile; fileRef = 18A79D772ACAB0CC00ED00E0 /* Assets.xcassets */; };
		18A79D7B2ACAB0CC00ED00E0 /* LaunchScreen.storyboard in Resources */ = {isa = PBXBuildFile; fileRef = 18A79D792ACAB0CC00ED00E0 /* LaunchScreen.storyboard */; };
		18A79D882ACAB1B000ED00E0 /* NewsViewController.swift in Sources */ = {isa = PBXBuildFile; fileRef = 18A79D872ACAB1B000ED00E0 /* NewsViewController.swift */; };
		18A79D8A2ACAB1BA00ED00E0 /* SearchResultsViewController.swift in Sources */ = {isa = PBXBuildFile; fileRef = 18A79D892ACAB1BA00ED00E0 /* SearchResultsViewController.swift */; };
		18A79D8C2ACAB1C900ED00E0 /* StockDetailsViewController.swift in Sources */ = {isa = PBXBuildFile; fileRef = 18A79D8B2ACAB1C900ED00E0 /* StockDetailsViewController.swift */; };
		18A79D8E2ACAB3DB00ED00E0 /* APICaller.swift in Sources */ = {isa = PBXBuildFile; fileRef = 18A79D8D2ACAB3DB00ED00E0 /* APICaller.swift */; };
		18A79D902ACAB3EE00ED00E0 /* PersistenceManager.swift in Sources */ = {isa = PBXBuildFile; fileRef = 18A79D8F2ACAB3EE00ED00E0 /* PersistenceManager.swift */; };
		18A79D922ACAB3F800ED00E0 /* HapticsManager.swift in Sources */ = {isa = PBXBuildFile; fileRef = 18A79D912ACAB3F800ED00E0 /* HapticsManager.swift */; };
		18A79D942ACABDAB00ED00E0 /* Extensions.swift in Sources */ = {isa = PBXBuildFile; fileRef = 18A79D932ACABDAB00ED00E0 /* Extensions.swift */; };
		18A79D962ACAC99900ED00E0 /* SearchResultTableViewCell.swift in Sources */ = {isa = PBXBuildFile; fileRef = 18A79D952ACAC99900ED00E0 /* SearchResultTableViewCell.swift */; };
		18A79D982ACAD21E00ED00E0 /* SearchResponse.swift in Sources */ = {isa = PBXBuildFile; fileRef = 18A79D972ACAD21E00ED00E0 /* SearchResponse.swift */; };
		18CCF1D52ACC029A003C3153 /* NewsHeaderView.swift in Sources */ = {isa = PBXBuildFile; fileRef = 18CCF1D42ACC029A003C3153 /* NewsHeaderView.swift */; };
		18CCF1D72ACC08D2003C3153 /* NewsStory.swift in Sources */ = {isa = PBXBuildFile; fileRef = 18CCF1D62ACC08D2003C3153 /* NewsStory.swift */; };
		18CCF1D92ACC117F003C3153 /* NewsStoryTableViewCell.swift in Sources */ = {isa = PBXBuildFile; fileRef = 18CCF1D82ACC117F003C3153 /* NewsStoryTableViewCell.swift */; };
		EC4F5350812FEF2766A5606B /* Pods_Stocks.framework in Frameworks */ = {isa = PBXBuildFile; fileRef = 1E695DBD3A97F4664F433F89 /* Pods_Stocks.framework */; };
/* End PBXBuildFile section */

/* Begin PBXFileReference section */
		182D50142ACD7F2F006993AA /* MarketDataResponse.swift */ = {isa = PBXFileReference; lastKnownFileType = sourcecode.swift; path = MarketDataResponse.swift; sourceTree = "<group>"; };
		182D50162ACD862B006993AA /* WatchListTableViewCell.swift */ = {isa = PBXFileReference; lastKnownFileType = sourcecode.swift; path = WatchListTableViewCell.swift; sourceTree = "<group>"; };
		182D50182ACD8769006993AA /* StockChartView.swift */ = {isa = PBXFileReference; lastKnownFileType = sourcecode.swift; path = StockChartView.swift; sourceTree = "<group>"; };
		18A79D6B2ACAB0CB00ED00E0 /* Stocks.app */ = {isa = PBXFileReference; explicitFileType = wrapper.application; includeInIndex = 0; path = Stocks.app; sourceTree = BUILT_PRODUCTS_DIR; };
		18A79D6E2ACAB0CB00ED00E0 /* AppDelegate.swift */ = {isa = PBXFileReference; lastKnownFileType = sourcecode.swift; path = AppDelegate.swift; sourceTree = "<group>"; };
		18A79D702ACAB0CB00ED00E0 /* SceneDelegate.swift */ = {isa = PBXFileReference; lastKnownFileType = sourcecode.swift; path = SceneDelegate.swift; sourceTree = "<group>"; };
		18A79D722ACAB0CB00ED00E0 /* WatchListViewController.swift */ = {isa = PBXFileReference; lastKnownFileType = sourcecode.swift; path = WatchListViewController.swift; sourceTree = "<group>"; };
		18A79D772ACAB0CC00ED00E0 /* Assets.xcassets */ = {isa = PBXFileReference; lastKnownFileType = folder.assetcatalog; path = Assets.xcassets; sourceTree = "<group>"; };
		18A79D7A2ACAB0CC00ED00E0 /* Base */ = {isa = PBXFileReference; lastKnownFileType = file.storyboard; name = Base; path = Base.lproj/LaunchScreen.storyboard; sourceTree = "<group>"; };
		18A79D7C2ACAB0CC00ED00E0 /* Info.plist */ = {isa = PBXFileReference; lastKnownFileType = text.plist.xml; path = Info.plist; sourceTree = "<group>"; };
		18A79D872ACAB1B000ED00E0 /* NewsViewController.swift */ = {isa = PBXFileReference; lastKnownFileType = sourcecode.swift; path = NewsViewController.swift; sourceTree = "<group>"; };
		18A79D892ACAB1BA00ED00E0 /* SearchResultsViewController.swift */ = {isa = PBXFileReference; lastKnownFileType = sourcecode.swift; path = SearchResultsViewController.swift; sourceTree = "<group>"; };
		18A79D8B2ACAB1C900ED00E0 /* StockDetailsViewController.swift */ = {isa = PBXFileReference; lastKnownFileType = sourcecode.swift; path = StockDetailsViewController.swift; sourceTree = "<group>"; };
		18A79D8D2ACAB3DB00ED00E0 /* APICaller.swift */ = {isa = PBXFileReference; lastKnownFileType = sourcecode.swift; path = APICaller.swift; sourceTree = "<group>"; };
		18A79D8F2ACAB3EE00ED00E0 /* PersistenceManager.swift */ = {isa = PBXFileReference; lastKnownFileType = sourcecode.swift; path = PersistenceManager.swift; sourceTree = "<group>"; };
		18A79D912ACAB3F800ED00E0 /* HapticsManager.swift */ = {isa = PBXFileReference; lastKnownFileType = sourcecode.swift; path = HapticsManager.swift; sourceTree = "<group>"; };
		18A79D932ACABDAB00ED00E0 /* Extensions.swift */ = {isa = PBXFileReference; lastKnownFileType = sourcecode.swift; path = Extensions.swift; sourceTree = "<group>"; };
		18A79D952ACAC99900ED00E0 /* SearchResultTableViewCell.swift */ = {isa = PBXFileReference; lastKnownFileType = sourcecode.swift; path = SearchResultTableViewCell.swift; sourceTree = "<group>"; };
		18A79D972ACAD21E00ED00E0 /* SearchResponse.swift */ = {isa = PBXFileReference; lastKnownFileType = sourcecode.swift; path = SearchResponse.swift; sourceTree = "<group>"; };
		18CCF1D42ACC029A003C3153 /* NewsHeaderView.swift */ = {isa = PBXFileReference; lastKnownFileType = sourcecode.swift; path = NewsHeaderView.swift; sourceTree = "<group>"; };
		18CCF1D62ACC08D2003C3153 /* NewsStory.swift */ = {isa = PBXFileReference; lastKnownFileType = sourcecode.swift; path = NewsStory.swift; sourceTree = "<group>"; };
		18CCF1D82ACC117F003C3153 /* NewsStoryTableViewCell.swift */ = {isa = PBXFileReference; lastKnownFileType = sourcecode.swift; path = NewsStoryTableViewCell.swift; sourceTree = "<group>"; };
		1E695DBD3A97F4664F433F89 /* Pods_Stocks.framework */ = {isa = PBXFileReference; explicitFileType = wrapper.framework; includeInIndex = 0; path = Pods_Stocks.framework; sourceTree = BUILT_PRODUCTS_DIR; };
		2DE58BF3E0234D817EAD0C69 /* Pods-Stocks.release.xcconfig */ = {isa = PBXFileReference; includeInIndex = 1; lastKnownFileType = text.xcconfig; name = "Pods-Stocks.release.xcconfig"; path = "Target Support Files/Pods-Stocks/Pods-Stocks.release.xcconfig"; sourceTree = "<group>"; };
		3D3CC8531AC599CEE33DECA7 /* Pods-Stocks.debug.xcconfig */ = {isa = PBXFileReference; includeInIndex = 1; lastKnownFileType = text.xcconfig; name = "Pods-Stocks.debug.xcconfig"; path = "Target Support Files/Pods-Stocks/Pods-Stocks.debug.xcconfig"; sourceTree = "<group>"; };
/* End PBXFileReference section */

/* Begin PBXFrameworksBuildPhase section */
		18A79D682ACAB0CB00ED00E0 /* Frameworks */ = {
			isa = PBXFrameworksBuildPhase;
			buildActionMask = 2147483647;
			files = (
				EC4F5350812FEF2766A5606B /* Pods_Stocks.framework in Frameworks */,
			);
			runOnlyForDeploymentPostprocessing = 0;
		};
/* End PBXFrameworksBuildPhase section */

/* Begin PBXGroup section */
		18A79D622ACAB0CB00ED00E0 = {
			isa = PBXGroup;
			children = (
				18A79D6D2ACAB0CB00ED00E0 /* Stocks */,
				18A79D6C2ACAB0CB00ED00E0 /* Products */,
				9829520438B41009350AE94E /* Pods */,
				3AA9BE5DC18FD9A32ADFCAED /* Frameworks */,
			);
			sourceTree = "<group>";
		};
		18A79D6C2ACAB0CB00ED00E0 /* Products */ = {
			isa = PBXGroup;
			children = (
				18A79D6B2ACAB0CB00ED00E0 /* Stocks.app */,
			);
			name = Products;
			sourceTree = "<group>";
		};
		18A79D6D2ACAB0CB00ED00E0 /* Stocks */ = {
			isa = PBXGroup;
			children = (
				18A79D862ACAB11B00ED00E0 /* Other */,
				18A79D852ACAB11700ED00E0 /* Managers */,
				18A79D842ACAB10A00ED00E0 /* Controllers */,
				18A79D832ACAB10400ED00E0 /* Views */,
				18A79D822ACAB0FB00ED00E0 /* Models */,
				18A79D7C2ACAB0CC00ED00E0 /* Info.plist */,
			);
			path = Stocks;
			sourceTree = "<group>";
		};
		18A79D822ACAB0FB00ED00E0 /* Models */ = {
			isa = PBXGroup;
			children = (
				18A79D972ACAD21E00ED00E0 /* SearchResponse.swift */,
				18CCF1D62ACC08D2003C3153 /* NewsStory.swift */,
				182D50142ACD7F2F006993AA /* MarketDataResponse.swift */,
			);
			path = Models;
			sourceTree = "<group>";
		};
		18A79D832ACAB10400ED00E0 /* Views */ = {
			isa = PBXGroup;
			children = (
				18A79D792ACAB0CC00ED00E0 /* LaunchScreen.storyboard */,
				18A79D952ACAC99900ED00E0 /* SearchResultTableViewCell.swift */,
				18CCF1D42ACC029A003C3153 /* NewsHeaderView.swift */,
				18CCF1D82ACC117F003C3153 /* NewsStoryTableViewCell.swift */,
				182D50162ACD862B006993AA /* WatchListTableViewCell.swift */,
				182D50182ACD8769006993AA /* StockChartView.swift */,
			);
			path = Views;
			sourceTree = "<group>";
		};
		18A79D842ACAB10A00ED00E0 /* Controllers */ = {
			isa = PBXGroup;
			children = (
				18A79D722ACAB0CB00ED00E0 /* WatchListViewController.swift */,
				18A79D872ACAB1B000ED00E0 /* NewsViewController.swift */,
				18A79D892ACAB1BA00ED00E0 /* SearchResultsViewController.swift */,
				18A79D8B2ACAB1C900ED00E0 /* StockDetailsViewController.swift */,
			);
			path = Controllers;
			sourceTree = "<group>";
		};
		18A79D852ACAB11700ED00E0 /* Managers */ = {
			isa = PBXGroup;
			children = (
				18A79D8D2ACAB3DB00ED00E0 /* APICaller.swift */,
				18A79D8F2ACAB3EE00ED00E0 /* PersistenceManager.swift */,
				18A79D912ACAB3F800ED00E0 /* HapticsManager.swift */,
			);
			path = Managers;
			sourceTree = "<group>";
		};
		18A79D862ACAB11B00ED00E0 /* Other */ = {
			isa = PBXGroup;
			children = (
				18A79D772ACAB0CC00ED00E0 /* Assets.xcassets */,
				18A79D6E2ACAB0CB00ED00E0 /* AppDelegate.swift */,
				18A79D702ACAB0CB00ED00E0 /* SceneDelegate.swift */,
				18A79D932ACABDAB00ED00E0 /* Extensions.swift */,
			);
			path = Other;
			sourceTree = "<group>";
		};
		3AA9BE5DC18FD9A32ADFCAED /* Frameworks */ = {
			isa = PBXGroup;
			children = (
				1E695DBD3A97F4664F433F89 /* Pods_Stocks.framework */,
			);
			name = Frameworks;
			sourceTree = "<group>";
		};
		9829520438B41009350AE94E /* Pods */ = {
			isa = PBXGroup;
			children = (
				3D3CC8531AC599CEE33DECA7 /* Pods-Stocks.debug.xcconfig */,
				2DE58BF3E0234D817EAD0C69 /* Pods-Stocks.release.xcconfig */,
			);
			path = Pods;
			sourceTree = "<group>";
		};
/* End PBXGroup section */

/* Begin PBXNativeTarget section */
		18A79D6A2ACAB0CB00ED00E0 /* Stocks */ = {
			isa = PBXNativeTarget;
			buildConfigurationList = 18A79D7F2ACAB0CC00ED00E0 /* Build configuration list for PBXNativeTarget "Stocks" */;
			buildPhases = (
				FE050F8E9BD2A40740F8707A /* [CP] Check Pods Manifest.lock */,
				18A79D672ACAB0CB00ED00E0 /* Sources */,
				18A79D682ACAB0CB00ED00E0 /* Frameworks */,
				18A79D692ACAB0CB00ED00E0 /* Resources */,
				8600739DA6F113EF64402811 /* [CP] Embed Pods Frameworks */,
			);
			buildRules = (
			);
			dependencies = (
			);
			name = Stocks;
			productName = Stocks;
			productReference = 18A79D6B2ACAB0CB00ED00E0 /* Stocks.app */;
			productType = "com.apple.product-type.application";
		};
/* End PBXNativeTarget section */

/* Begin PBXProject section */
		18A79D632ACAB0CB00ED00E0 /* Project object */ = {
			isa = PBXProject;
			attributes = {
				BuildIndependentTargetsInParallel = 1;
				LastSwiftUpdateCheck = 1500;
				LastUpgradeCheck = 1500;
				TargetAttributes = {
					18A79D6A2ACAB0CB00ED00E0 = {
						CreatedOnToolsVersion = 15.0;
					};
				};
			};
			buildConfigurationList = 18A79D662ACAB0CB00ED00E0 /* Build configuration list for PBXProject "Stocks" */;
			compatibilityVersion = "Xcode 14.0";
			developmentRegion = en;
			hasScannedForEncodings = 0;
			knownRegions = (
				en,
				Base,
			);
			mainGroup = 18A79D622ACAB0CB00ED00E0;
			productRefGroup = 18A79D6C2ACAB0CB00ED00E0 /* Products */;
			projectDirPath = "";
			projectRoot = "";
			targets = (
				18A79D6A2ACAB0CB00ED00E0 /* Stocks */,
			);
		};
/* End PBXProject section */

/* Begin PBXResourcesBuildPhase section */
		18A79D692ACAB0CB00ED00E0 /* Resources */ = {
			isa = PBXResourcesBuildPhase;
			buildActionMask = 2147483647;
			files = (
				18A79D7B2ACAB0CC00ED00E0 /* LaunchScreen.storyboard in Resources */,
				18A79D782ACAB0CC00ED00E0 /* Assets.xcassets in Resources */,
			);
			runOnlyForDeploymentPostprocessing = 0;
		};
/* End PBXResourcesBuildPhase section */

/* Begin PBXShellScriptBuildPhase section */
		8600739DA6F113EF64402811 /* [CP] Embed Pods Frameworks */ = {
			isa = PBXShellScriptBuildPhase;
			buildActionMask = 2147483647;
			files = (
			);
			inputFileListPaths = (
				"${PODS_ROOT}/Target Support Files/Pods-Stocks/Pods-Stocks-frameworks-${CONFIGURATION}-input-files.xcfilelist",
			);
			name = "[CP] Embed Pods Frameworks";
			outputFileListPaths = (
				"${PODS_ROOT}/Target Support Files/Pods-Stocks/Pods-Stocks-frameworks-${CONFIGURATION}-output-files.xcfilelist",
			);
			runOnlyForDeploymentPostprocessing = 0;
			shellPath = /bin/sh;
			shellScript = "\"${PODS_ROOT}/Target Support Files/Pods-Stocks/Pods-Stocks-frameworks.sh\"\n";
			showEnvVarsInLog = 0;
		};
		FE050F8E9BD2A40740F8707A /* [CP] Check Pods Manifest.lock */ = {
			isa = PBXShellScriptBuildPhase;
			buildActionMask = 2147483647;
			files = (
			);
			inputFileListPaths = (
			);
			inputPaths = (
				"${PODS_PODFILE_DIR_PATH}/Podfile.lock",
				"${PODS_ROOT}/Manifest.lock",
			);
			name = "[CP] Check Pods Manifest.lock";
			outputFileListPaths = (
			);
			outputPaths = (
				"$(DERIVED_FILE_DIR)/Pods-Stocks-checkManifestLockResult.txt",
			);
			runOnlyForDeploymentPostprocessing = 0;
			shellPath = /bin/sh;
			shellScript = "diff \"${PODS_PODFILE_DIR_PATH}/Podfile.lock\" \"${PODS_ROOT}/Manifest.lock\" > /dev/null\nif [ $? != 0 ] ; then\n    # print error to STDERR\n    echo \"error: The sandbox is not in sync with the Podfile.lock. Run 'pod install' or update your CocoaPods installation.\" >&2\n    exit 1\nfi\n# This output is used by Xcode 'outputs' to avoid re-running this script phase.\necho \"SUCCESS\" > \"${SCRIPT_OUTPUT_FILE_0}\"\n";
			showEnvVarsInLog = 0;
		};
/* End PBXShellScriptBuildPhase section */

/* Begin PBXSourcesBuildPhase section */
		18A79D672ACAB0CB00ED00E0 /* Sources */ = {
			isa = PBXSourcesBuildPhase;
			buildActionMask = 2147483647;
			files = (
				182D50152ACD7F2F006993AA /* MarketDataResponse.swift in Sources */,
				18A79D922ACAB3F800ED00E0 /* HapticsManager.swift in Sources */,
				18A79D962ACAC99900ED00E0 /* SearchResultTableViewCell.swift in Sources */,
				18A79D8C2ACAB1C900ED00E0 /* StockDetailsViewController.swift in Sources */,
				18A79D732ACAB0CB00ED00E0 /* WatchListViewController.swift in Sources */,
				18A79D882ACAB1B000ED00E0 /* NewsViewController.swift in Sources */,
				18A79D902ACAB3EE00ED00E0 /* PersistenceManager.swift in Sources */,
				18CCF1D72ACC08D2003C3153 /* NewsStory.swift in Sources */,
				18A79D942ACABDAB00ED00E0 /* Extensions.swift in Sources */,
				18CCF1D92ACC117F003C3153 /* NewsStoryTableViewCell.swift in Sources */,
				182D50192ACD8769006993AA /* StockChartView.swift in Sources */,
				18A79D8E2ACAB3DB00ED00E0 /* APICaller.swift in Sources */,
				18A79D982ACAD21E00ED00E0 /* SearchResponse.swift in Sources */,
				18CCF1D52ACC029A003C3153 /* NewsHeaderView.swift in Sources */,
				18A79D6F2ACAB0CB00ED00E0 /* AppDelegate.swift in Sources */,
				18A79D712ACAB0CB00ED00E0 /* SceneDelegate.swift in Sources */,
				182D50172ACD862B006993AA /* WatchListTableViewCell.swift in Sources */,
				18A79D8A2ACAB1BA00ED00E0 /* SearchResultsViewController.swift in Sources */,
			);
			runOnlyForDeploymentPostprocessing = 0;
		};
/* End PBXSourcesBuildPhase section */

/* Begin PBXVariantGroup section */
		18A79D792ACAB0CC00ED00E0 /* LaunchScreen.storyboard */ = {
			isa = PBXVariantGroup;
			children = (
				18A79D7A2ACAB0CC00ED00E0 /* Base */,
			);
			name = LaunchScreen.storyboard;
			sourceTree = "<group>";
		};
/* End PBXVariantGroup section */

/* Begin XCBuildConfiguration section */
		18A79D7D2ACAB0CC00ED00E0 /* Debug */ = {
			isa = XCBuildConfiguration;
			buildSettings = {
				ALWAYS_SEARCH_USER_PATHS = NO;
				ASSETCATALOG_COMPILER_GENERATE_SWIFT_ASSET_SYMBOL_EXTENSIONS = YES;
				CLANG_ANALYZER_NONNULL = YES;
				CLANG_ANALYZER_NUMBER_OBJECT_CONVERSION = YES_AGGRESSIVE;
				CLANG_CXX_LANGUAGE_STANDARD = "gnu++20";
				CLANG_ENABLE_MODULES = YES;
				CLANG_ENABLE_OBJC_ARC = YES;
				CLANG_ENABLE_OBJC_WEAK = YES;
				CLANG_WARN_BLOCK_CAPTURE_AUTORELEASING = YES;
				CLANG_WARN_BOOL_CONVERSION = YES;
				CLANG_WARN_COMMA = YES;
				CLANG_WARN_CONSTANT_CONVERSION = YES;
				CLANG_WARN_DEPRECATED_OBJC_IMPLEMENTATIONS = YES;
				CLANG_WARN_DIRECT_OBJC_ISA_USAGE = YES_ERROR;
				CLANG_WARN_DOCUMENTATION_COMMENTS = YES;
				CLANG_WARN_EMPTY_BODY = YES;
				CLANG_WARN_ENUM_CONVERSION = YES;
				CLANG_WARN_INFINITE_RECURSION = YES;
				CLANG_WARN_INT_CONVERSION = YES;
				CLANG_WARN_NON_LITERAL_NULL_CONVERSION = YES;
				CLANG_WARN_OBJC_IMPLICIT_RETAIN_SELF = YES;
				CLANG_WARN_OBJC_LITERAL_CONVERSION = YES;
				CLANG_WARN_OBJC_ROOT_CLASS = YES_ERROR;
				CLANG_WARN_QUOTED_INCLUDE_IN_FRAMEWORK_HEADER = YES;
				CLANG_WARN_RANGE_LOOP_ANALYSIS = YES;
				CLANG_WARN_STRICT_PROTOTYPES = YES;
				CLANG_WARN_SUSPICIOUS_MOVE = YES;
				CLANG_WARN_UNGUARDED_AVAILABILITY = YES_AGGRESSIVE;
				CLANG_WARN_UNREACHABLE_CODE = YES;
				CLANG_WARN__DUPLICATE_METHOD_MATCH = YES;
				COPY_PHASE_STRIP = NO;
				DEBUG_INFORMATION_FORMAT = dwarf;
				ENABLE_STRICT_OBJC_MSGSEND = YES;
				ENABLE_TESTABILITY = YES;
				ENABLE_USER_SCRIPT_SANDBOXING = YES;
				GCC_C_LANGUAGE_STANDARD = gnu17;
				GCC_DYNAMIC_NO_PIC = NO;
				GCC_NO_COMMON_BLOCKS = YES;
				GCC_OPTIMIZATION_LEVEL = 0;
				GCC_PREPROCESSOR_DEFINITIONS = (
					"DEBUG=1",
					"$(inherited)",
				);
				GCC_WARN_64_TO_32_BIT_CONVERSION = YES;
				GCC_WARN_ABOUT_RETURN_TYPE = YES_ERROR;
				GCC_WARN_UNDECLARED_SELECTOR = YES;
				GCC_WARN_UNINITIALIZED_AUTOS = YES_AGGRESSIVE;
				GCC_WARN_UNUSED_FUNCTION = YES;
				GCC_WARN_UNUSED_VARIABLE = YES;
				IPHONEOS_DEPLOYMENT_TARGET = 17.0;
				LOCALIZATION_PREFERS_STRING_CATALOGS = YES;
				MTL_ENABLE_DEBUG_INFO = INCLUDE_SOURCE;
				MTL_FAST_MATH = YES;
				ONLY_ACTIVE_ARCH = YES;
				SDKROOT = iphoneos;
				SWIFT_ACTIVE_COMPILATION_CONDITIONS = "DEBUG $(inherited)";
				SWIFT_OPTIMIZATION_LEVEL = "-Onone";
			};
			name = Debug;
		};
		18A79D7E2ACAB0CC00ED00E0 /* Release */ = {
			isa = XCBuildConfiguration;
			buildSettings = {
				ALWAYS_SEARCH_USER_PATHS = NO;
				ASSETCATALOG_COMPILER_GENERATE_SWIFT_ASSET_SYMBOL_EXTENSIONS = YES;
				CLANG_ANALYZER_NONNULL = YES;
				CLANG_ANALYZER_NUMBER_OBJECT_CONVERSION = YES_AGGRESSIVE;
				CLANG_CXX_LANGUAGE_STANDARD = "gnu++20";
				CLANG_ENABLE_MODULES = YES;
				CLANG_ENABLE_OBJC_ARC = YES;
				CLANG_ENABLE_OBJC_WEAK = YES;
				CLANG_WARN_BLOCK_CAPTURE_AUTORELEASING = YES;
				CLANG_WARN_BOOL_CONVERSION = YES;
				CLANG_WARN_COMMA = YES;
				CLANG_WARN_CONSTANT_CONVERSION = YES;
				CLANG_WARN_DEPRECATED_OBJC_IMPLEMENTATIONS = YES;
				CLANG_WARN_DIRECT_OBJC_ISA_USAGE = YES_ERROR;
				CLANG_WARN_DOCUMENTATION_COMMENTS = YES;
				CLANG_WARN_EMPTY_BODY = YES;
				CLANG_WARN_ENUM_CONVERSION = YES;
				CLANG_WARN_INFINITE_RECURSION = YES;
				CLANG_WARN_INT_CONVERSION = YES;
				CLANG_WARN_NON_LITERAL_NULL_CONVERSION = YES;
				CLANG_WARN_OBJC_IMPLICIT_RETAIN_SELF = YES;
				CLANG_WARN_OBJC_LITERAL_CONVERSION = YES;
				CLANG_WARN_OBJC_ROOT_CLASS = YES_ERROR;
				CLANG_WARN_QUOTED_INCLUDE_IN_FRAMEWORK_HEADER = YES;
				CLANG_WARN_RANGE_LOOP_ANALYSIS = YES;
				CLANG_WARN_STRICT_PROTOTYPES = YES;
				CLANG_WARN_SUSPICIOUS_MOVE = YES;
				CLANG_WARN_UNGUARDED_AVAILABILITY = YES_AGGRESSIVE;
				CLANG_WARN_UNREACHABLE_CODE = YES;
				CLANG_WARN__DUPLICATE_METHOD_MATCH = YES;
				COPY_PHASE_STRIP = NO;
				DEBUG_INFORMATION_FORMAT = "dwarf-with-dsym";
				ENABLE_NS_ASSERTIONS = NO;
				ENABLE_STRICT_OBJC_MSGSEND = YES;
				ENABLE_USER_SCRIPT_SANDBOXING = YES;
				GCC_C_LANGUAGE_STANDARD = gnu17;
				GCC_NO_COMMON_BLOCKS = YES;
				GCC_WARN_64_TO_32_BIT_CONVERSION = YES;
				GCC_WARN_ABOUT_RETURN_TYPE = YES_ERROR;
				GCC_WARN_UNDECLARED_SELECTOR = YES;
				GCC_WARN_UNINITIALIZED_AUTOS = YES_AGGRESSIVE;
				GCC_WARN_UNUSED_FUNCTION = YES;
				GCC_WARN_UNUSED_VARIABLE = YES;
				IPHONEOS_DEPLOYMENT_TARGET = 17.0;
				LOCALIZATION_PREFERS_STRING_CATALOGS = YES;
				MTL_ENABLE_DEBUG_INFO = NO;
				MTL_FAST_MATH = YES;
				SDKROOT = iphoneos;
				SWIFT_COMPILATION_MODE = wholemodule;
				VALIDATE_PRODUCT = YES;
			};
			name = Release;
		};
		18A79D802ACAB0CC00ED00E0 /* Debug */ = {
			isa = XCBuildConfiguration;
			baseConfigurationReference = 3D3CC8531AC599CEE33DECA7 /* Pods-Stocks.debug.xcconfig */;
			buildSettings = {
				ASSETCATALOG_COMPILER_APPICON_NAME = AppIcon;
				ASSETCATALOG_COMPILER_GLOBAL_ACCENT_COLOR_NAME = AccentColor;
				CODE_SIGN_STYLE = Automatic;
				CURRENT_PROJECT_VERSION = 1;
				DEVELOPMENT_TEAM = V834C37N47;
				ENABLE_USER_SCRIPT_SANDBOXING = NO;
				GENERATE_INFOPLIST_FILE = YES;
				INFOPLIST_FILE = Stocks/Info.plist;
				INFOPLIST_KEY_UIApplicationSupportsIndirectInputEvents = YES;
				INFOPLIST_KEY_UILaunchStoryboardName = LaunchScreen;
				INFOPLIST_KEY_UIMainStoryboardFile = "";
				INFOPLIST_KEY_UISupportedInterfaceOrientations = UIInterfaceOrientationPortrait;
				INFOPLIST_KEY_UISupportedInterfaceOrientations_iPad = "UIInterfaceOrientationLandscapeLeft UIInterfaceOrientationLandscapeRight UIInterfaceOrientationPortrait UIInterfaceOrientationPortraitUpsideDown";
				IPHONEOS_DEPLOYMENT_TARGET = 13.0;
				LD_RUNPATH_SEARCH_PATHS = (
					"$(inherited)",
					"@executable_path/Frameworks",
				);
				MARKETING_VERSION = 1.0;
				PRODUCT_BUNDLE_IDENTIFIER = AnlBRC.Stocks;
				PRODUCT_NAME = "$(TARGET_NAME)";
				SUPPORTED_PLATFORMS = "iphoneos iphonesimulator";
				SUPPORTS_MACCATALYST = NO;
				SWIFT_EMIT_LOC_STRINGS = YES;
				SWIFT_VERSION = 5.0;
				TARGETED_DEVICE_FAMILY = 1;
			};
			name = Debug;
		};
		18A79D812ACAB0CC00ED00E0 /* Release */ = {
			isa = XCBuildConfiguration;
			baseConfigurationReference = 2DE58BF3E0234D817EAD0C69 /* Pods-Stocks.release.xcconfig */;
			buildSettings = {
				ASSETCATALOG_COMPILER_APPICON_NAME = AppIcon;
				ASSETCATALOG_COMPILER_GLOBAL_ACCENT_COLOR_NAME = AccentColor;
				CODE_SIGN_STYLE = Automatic;
				CURRENT_PROJECT_VERSION = 1;
				DEVELOPMENT_TEAM = V834C37N47;
				ENABLE_USER_SCRIPT_SANDBOXING = NO;
				GENERATE_INFOPLIST_FILE = YES;
				INFOPLIST_FILE = Stocks/Info.plist;
				INFOPLIST_KEY_UIApplicationSupportsIndirectInputEvents = YES;
				INFOPLIST_KEY_UILaunchStoryboardName = LaunchScreen;
				INFOPLIST_KEY_UIMainStoryboardFile = "";
				INFOPLIST_KEY_UISupportedInterfaceOrientations = UIInterfaceOrientationPortrait;
				INFOPLIST_KEY_UISupportedInterfaceOrientations_iPad = "UIInterfaceOrientationLandscapeLeft UIInterfaceOrientationLandscapeRight UIInterfaceOrientationPortrait UIInterfaceOrientationPortraitUpsideDown";
				IPHONEOS_DEPLOYMENT_TARGET = 13.0;
				LD_RUNPATH_SEARCH_PATHS = (
					"$(inherited)",
					"@executable_path/Frameworks",
				);
				MARKETING_VERSION = 1.0;
				PRODUCT_BUNDLE_IDENTIFIER = AnlBRC.Stocks;
				PRODUCT_NAME = "$(TARGET_NAME)";
				SUPPORTED_PLATFORMS = "iphoneos iphonesimulator";
				SUPPORTS_MACCATALYST = NO;
				SWIFT_EMIT_LOC_STRINGS = YES;
				SWIFT_VERSION = 5.0;
				TARGETED_DEVICE_FAMILY = 1;
			};
			name = Release;
		};
/* End XCBuildConfiguration section */

/* Begin XCConfigurationList section */
		18A79D662ACAB0CB00ED00E0 /* Build configuration list for PBXProject "Stocks" */ = {
			isa = XCConfigurationList;
			buildConfigurations = (
				18A79D7D2ACAB0CC00ED00E0 /* Debug */,
				18A79D7E2ACAB0CC00ED00E0 /* Release */,
			);
			defaultConfigurationIsVisible = 0;
			defaultConfigurationName = Release;
		};
		18A79D7F2ACAB0CC00ED00E0 /* Build configuration list for PBXNativeTarget "Stocks" */ = {
			isa = XCConfigurationList;
			buildConfigurations = (
				18A79D802ACAB0CC00ED00E0 /* Debug */,
				18A79D812ACAB0CC00ED00E0 /* Release */,
			);
			defaultConfigurationIsVisible = 0;
			defaultConfigurationName = Release;
		};
/* End XCConfigurationList section */
	};
	rootObject = 18A79D632ACAB0CB00ED00E0 /* Project object */;
}
